
Microsoft Visual Studio Solution File, Format Version 12.00
# Visual Studio Version 16
VisualStudioVersion = 16.0.30503.244
MinimumVisualStudioVersion = 10.0.40219.1
Project("{FAE04EC0-301F-11D3-BF4B-00C04F79EFBC}") = "MCS.D365.DevOps", "MCS.D365.DevOps\MCS.D365.DevOps.csproj", "{A5AE165D-8203-4B4E-83F8-01F0C4677CE2}"
EndProject
Project("{9A19103F-16F7-4668-BE54-9A1E7A4F7556}") = "MCS.DevOps.Components", "MCS.DevOps.Components\MCS.DevOps.Components.csproj", "{423FD4AC-83CB-4800-897B-AA3BDE9752EC}"
EndProject
Global
	GlobalSection(SolutionConfigurationPlatforms) = preSolution
		Debug|Any CPU = Debug|Any CPU
		Release|Any CPU = Release|Any CPU
	EndGlobalSection
	GlobalSection(ProjectConfigurationPlatforms) = postSolution
		{A5AE165D-8203-4B4E-83F8-01F0C4677CE2}.Debug|Any CPU.ActiveCfg = Debug|Any CPU
		{A5AE165D-8203-4B4E-83F8-01F0C4677CE2}.Debug|Any CPU.Build.0 = Debug|Any CPU
		{A5AE165D-8203-4B4E-83F8-01F0C4677CE2}.Release|Any CPU.ActiveCfg = Release|Any CPU
		{A5AE165D-8203-4B4E-83F8-01F0C4677CE2}.Release|Any CPU.Build.0 = Release|Any CPU
		{423FD4AC-83CB-4800-897B-AA3BDE9752EC}.Debug|Any CPU.ActiveCfg = Debug|Any CPU
		{423FD4AC-83CB-4800-897B-AA3BDE9752EC}.Debug|Any CPU.Build.0 = Debug|Any CPU
		{423FD4AC-83CB-4800-897B-AA3BDE9752EC}.Release|Any CPU.ActiveCfg = Release|Any CPU
		{423FD4AC-83CB-4800-897B-AA3BDE9752EC}.Release|Any CPU.Build.0 = Release|Any CPU
	EndGlobalSection
	GlobalSection(SolutionProperties) = preSolution
		HideSolutionNode = FALSE
	EndGlobalSection
	GlobalSection(ExtensibilityGlobals) = postSolution
		SolutionGuid = {6319B9D5-3654-4919-9F03-F2635FC0BDED}
	EndGlobalSection
EndGlobal
